// !$*UTF8*$!
{
	archiveVersion = 1;
	classes = {
	};
	objectVersion = 50;
	objects = {

/* Begin PBXBuildFile section */
		421B94A121123148000D5ABB /* QuickESP.icns in Resources */ = {isa = PBXBuildFile; fileRef = 421B94A021123147000D5ABB /* QuickESP.icns */; };
		42D3B9252111E90C00A70821 /* Assets.xcassets in Resources */ = {isa = PBXBuildFile; fileRef = 42D3B9222111E90C00A70821 /* Assets.xcassets */; };
		42D3B9272111E90C00A70821 /* MainMenu.xib in Resources */ = {isa = PBXBuildFile; fileRef = 42D3B9242111E90C00A70821 /* MainMenu.xib */; };
		42D3B92B2111E91E00A70821 /* Main.m in Sources */ = {isa = PBXBuildFile; fileRef = 42D3B92A2111E91E00A70821 /* Main.m */; };
/* End PBXBuildFile section */

/* Begin PBXFileReference section */
		421B94A021123147000D5ABB /* QuickESP.icns */ = {isa = PBXFileReference; lastKnownFileType = image.icns; name = QuickESP.icns; path = QuickESP/QuickESP.icns; sourceTree = "<group>"; };
		42BFC6542111E2E3008DABA7 /* QuickESP.app */ = {isa = PBXFileReference; explicitFileType = wrapper.application; includeInIndex = 0; path = QuickESP.app; sourceTree = BUILT_PRODUCTS_DIR; };
		42D3B9222111E90C00A70821 /* Assets.xcassets */ = {isa = PBXFileReference; lastKnownFileType = folder.assetcatalog; name = Assets.xcassets; path = QuickESP/Assets.xcassets; sourceTree = "<group>"; };
		42D3B9232111E90C00A70821 /* Info.plist */ = {isa = PBXFileReference; fileEncoding = 4; lastKnownFileType = text.plist.xml; name = Info.plist; path = QuickESP/Info.plist; sourceTree = "<group>"; };
		42D3B9242111E90C00A70821 /* MainMenu.xib */ = {isa = PBXFileReference; fileEncoding = 4; lastKnownFileType = file.xib; name = MainMenu.xib; path = QuickESP/MainMenu.xib; sourceTree = "<group>"; };
		42D3B9292111E91E00A70821 /* Main.h */ = {isa = PBXFileReference; fileEncoding = 4; lastKnownFileType = sourcecode.c.h; name = Main.h; path = QuickESP/Main.h; sourceTree = "<group>"; };
		42D3B92A2111E91E00A70821 /* Main.m */ = {isa = PBXFileReference; fileEncoding = 4; lastKnownFileType = sourcecode.c.objc; name = Main.m; path = QuickESP/Main.m; sourceTree = "<group>"; };
		42D3B92C2111E92800A70821 /* Global.h */ = {isa = PBXFileReference; fileEncoding = 4; lastKnownFileType = sourcecode.c.h; name = Global.h; path = QuickESP/Global.h; sourceTree = "<group>"; };
/* End PBXFileReference section */

/* Begin PBXFrameworksBuildPhase section */
		42BFC6512111E2E3008DABA7 /* Frameworks */ = {
			isa = PBXFrameworksBuildPhase;
			buildActionMask = 2147483647;
			files = (
			);
			runOnlyForDeploymentPostprocessing = 0;
		};
/* End PBXFrameworksBuildPhase section */

/* Begin PBXGroup section */
		42BFC64B2111E2E3008DABA7 = {
			isa = PBXGroup;
			children = (
				42D3B9212111E8FB00A70821 /* Source */,
				42BFC6692111E324008DABA7 /* Resource */,
				42BFC6552111E2E3008DABA7 /* Products */,
			);
			sourceTree = "<group>";
		};
		42BFC6552111E2E3008DABA7 /* Products */ = {
			isa = PBXGroup;
			children = (
				42BFC6542111E2E3008DABA7 /* QuickESP.app */,
			);
			name = Products;
			sourceTree = "<group>";
		};
		42BFC6692111E324008DABA7 /* Resource */ = {
			isa = PBXGroup;
			children = (
				42D3B9222111E90C00A70821 /* Assets.xcassets */,
				421B94A021123147000D5ABB /* QuickESP.icns */,
				42D3B9242111E90C00A70821 /* MainMenu.xib */,
				42D3B9232111E90C00A70821 /* Info.plist */,
			);
			name = Resource;
			sourceTree = "<group>";
		};
		42D3B9212111E8FB00A70821 /* Source */ = {
			isa = PBXGroup;
			children = (
				42D3B9282111E91400A70821 /* Main */,
				42D3B92C2111E92800A70821 /* Global.h */,
			);
			name = Source;
			sourceTree = "<group>";
		};
		42D3B9282111E91400A70821 /* Main */ = {
			isa = PBXGroup;
			children = (
				42D3B92A2111E91E00A70821 /* Main.m */,
				42D3B9292111E91E00A70821 /* Main.h */,
			);
			name = Main;
			sourceTree = "<group>";
		};
/* End PBXGroup section */

/* Begin PBXNativeTarget section */
		42BFC6532111E2E3008DABA7 /* QuickESP */ = {
			isa = PBXNativeTarget;
			buildConfigurationList = 42BFC6652111E2E4008DABA7 /* Build configuration list for PBXNativeTarget "QuickESP" */;
			buildPhases = (
				42BFC6502111E2E3008DABA7 /* Sources */,
				42BFC6512111E2E3008DABA7 /* Frameworks */,
				42BFC6522111E2E3008DABA7 /* Resources */,
			);
			buildRules = (
			);
			dependencies = (
			);
			name = QuickESP;
			productName = QuickESP;
			productReference = 42BFC6542111E2E3008DABA7 /* QuickESP.app */;
			productType = "com.apple.product-type.application";
		};
/* End PBXNativeTarget section */

/* Begin PBXProject section */
		42BFC64C2111E2E3008DABA7 /* Project object */ = {
			isa = PBXProject;
			attributes = {
				LastUpgradeCheck = 0940;
				ORGANIZATIONNAME = "Dennis Koluris";
				TargetAttributes = {
					42BFC6532111E2E3008DABA7 = {
						CreatedOnToolsVersion = 9.4.1;
					};
				};
			};
			buildConfigurationList = 42BFC64F2111E2E3008DABA7 /* Build configuration list for PBXProject "QuickESP" */;
			compatibilityVersion = "Xcode 9.3";
			developmentRegion = en;
			hasScannedForEncodings = 0;
			knownRegions = (
				en,
				Base,
			);
			mainGroup = 42BFC64B2111E2E3008DABA7;
			productRefGroup = 42BFC6552111E2E3008DABA7 /* Products */;
			projectDirPath = "";
			projectRoot = "";
			targets = (
				42BFC6532111E2E3008DABA7 /* QuickESP */,
			);
		};
/* End PBXProject section */

/* Begin PBXResourcesBuildPhase section */
		42BFC6522111E2E3008DABA7 /* Resources */ = {
			isa = PBXResourcesBuildPhase;
			buildActionMask = 2147483647;
			files = (
				42D3B9252111E90C00A70821 /* Assets.xcassets in Resources */,
				421B94A121123148000D5ABB /* QuickESP.icns in Resources */,
				42D3B9272111E90C00A70821 /* MainMenu.xib in Resources */,
			);
			runOnlyForDeploymentPostprocessing = 0;
		};
/* End PBXResourcesBuildPhase section */

/* Begin PBXSourcesBuildPhase section */
		42BFC6502111E2E3008DABA7 /* Sources */ = {
			isa = PBXSourcesBuildPhase;
			buildActionMask = 2147483647;
			files = (
				42D3B92B2111E91E00A70821 /* Main.m in Sources */,
			);
			runOnlyForDeploymentPostprocessing = 0;
		};
/* End PBXSourcesBuildPhase section */

/* Begin XCBuildConfiguration section */
		42BFC6632111E2E4008DABA7 /* Debug */ = {
			isa = XCBuildConfiguration;
			buildSettings = {
				ALWAYS_SEARCH_USER_PATHS = NO;
				CLANG_ANALYZER_NONNULL = YES;
				CLANG_ANALYZER_NUMBER_OBJECT_CONVERSION = YES_AGGRESSIVE;
				CLANG_CXX_LANGUAGE_STANDARD = "gnu++14";
				CLANG_CXX_LIBRARY = "libc++";
				CLANG_ENABLE_MODULES = YES;
				CLANG_ENABLE_OBJC_ARC = YES;
				CLANG_ENABLE_OBJC_WEAK = YES;
				CLANG_WARN_BLOCK_CAPTURE_AUTORELEASING = YES;
				CLANG_WARN_BOOL_CONVERSION = YES;
				CLANG_WARN_COMMA = YES;
				CLANG_WARN_CONSTANT_CONVERSION = YES;
				CLANG_WARN_DEPRECATED_OBJC_IMPLEMENTATIONS = YES;
				CLANG_WARN_DIRECT_OBJC_ISA_USAGE = YES_ERROR;
				CLANG_WARN_DOCUMENTATION_COMMENTS = YES;
				CLANG_WARN_EMPTY_BODY = YES;
				CLANG_WARN_ENUM_CONVERSION = YES;
				CLANG_WARN_INFINITE_RECURSION = YES;
				CLANG_WARN_INT_CONVERSION = YES;
				CLANG_WARN_NON_LITERAL_NULL_CONVERSION = YES;
				CLANG_WARN_OBJC_IMPLICIT_RETAIN_SELF = YES;
				CLANG_WARN_OBJC_LITERAL_CONVERSION = YES;
				CLANG_WARN_OBJC_ROOT_CLASS = YES_ERROR;
				CLANG_WARN_RANGE_LOOP_ANALYSIS = YES;
				CLANG_WARN_STRICT_PROTOTYPES = YES;
				CLANG_WARN_SUSPICIOUS_MOVE = YES;
				CLANG_WARN_UNGUARDED_AVAILABILITY = YES_AGGRESSIVE;
				CLANG_WARN_UNREACHABLE_CODE = YES;
				CLANG_WARN__DUPLICATE_METHOD_MATCH = YES;
				CODE_SIGN_IDENTITY = "-";
				COPY_PHASE_STRIP = NO;
				DEBUG_INFORMATION_FORMAT = dwarf;
				ENABLE_STRICT_OBJC_MSGSEND = YES;
				ENABLE_TESTABILITY = YES;
				GCC_C_LANGUAGE_STANDARD = gnu11;
				GCC_DYNAMIC_NO_PIC = NO;
				GCC_NO_COMMON_BLOCKS = YES;
				GCC_OPTIMIZATION_LEVEL = 0;
				GCC_PREPROCESSOR_DEFINITIONS = (
					"DEBUG=1",
					"$(inherited)",
				);
				GCC_WARN_64_TO_32_BIT_CONVERSION = YES;
				GCC_WARN_ABOUT_RETURN_TYPE = YES_ERROR;
				GCC_WARN_UNDECLARED_SELECTOR = YES;
				GCC_WARN_UNINITIALIZED_AUTOS = YES_AGGRESSIVE;
				GCC_WARN_UNUSED_FUNCTION = YES;
				GCC_WARN_UNUSED_VARIABLE = YES;
				MACOSX_DEPLOYMENT_TARGET = 10.13;
				MTL_ENABLE_DEBUG_INFO = YES;
				ONLY_ACTIVE_ARCH = YES;
				SDKROOT = macosx;
			};
			name = Debug;
		};
		42BFC6642111E2E4008DABA7 /* Release */ = {
			isa = XCBuildConfiguration;
			buildSettings = {
				ALWAYS_SEARCH_USER_PATHS = NO;
				CLANG_ANALYZER_NONNULL = YES;
				CLANG_ANALYZER_NUMBER_OBJECT_CONVERSION = YES_AGGRESSIVE;
				CLANG_CXX_LANGUAGE_STANDARD = "gnu++14";
				CLANG_CXX_LIBRARY = "libc++";
				CLANG_ENABLE_MODULES = YES;
				CLANG_ENABLE_OBJC_ARC = YES;
				CLANG_ENABLE_OBJC_WEAK = YES;
				CLANG_WARN_BLOCK_CAPTURE_AUTORELEASING = YES;
				CLANG_WARN_BOOL_CONVERSION = YES;
				CLANG_WARN_COMMA = YES;
				CLANG_WARN_CONSTANT_CONVERSION = YES;
				CLANG_WARN_DEPRECATED_OBJC_IMPLEMENTATIONS = YES;
				CLANG_WARN_DIRECT_OBJC_ISA_USAGE = YES_ERROR;
				CLANG_WARN_DOCUMENTATION_COMMENTS = YES;
				CLANG_WARN_EMPTY_BODY = YES;
				CLANG_WARN_ENUM_CONVERSION = YES;
				CLANG_WARN_INFINITE_RECURSION = YES;
				CLANG_WARN_INT_CONVERSION = YES;
				CLANG_WARN_NON_LITERAL_NULL_CONVERSION = YES;
				CLANG_WARN_OBJC_IMPLICIT_RETAIN_SELF = YES;
				CLANG_WARN_OBJC_LITERAL_CONVERSION = YES;
				CLANG_WARN_OBJC_ROOT_CLASS = YES_ERROR;
				CLANG_WARN_RANGE_LOOP_ANALYSIS = YES;
				CLANG_WARN_STRICT_PROTOTYPES = YES;
				CLANG_WARN_SUSPICIOUS_MOVE = YES;
				CLANG_WARN_UNGUARDED_AVAILABILITY = YES_AGGRESSIVE;
				CLANG_WARN_UNREACHABLE_CODE = YES;
				CLANG_WARN__DUPLICATE_METHOD_MATCH = YES;
				CODE_SIGN_IDENTITY = "-";
				COPY_PHASE_STRIP = NO;
				DEBUG_INFORMATION_FORMAT = "dwarf-with-dsym";
				ENABLE_NS_ASSERTIONS = NO;
				ENABLE_STRICT_OBJC_MSGSEND = YES;
				GCC_C_LANGUAGE_STANDARD = gnu11;
				GCC_NO_COMMON_BLOCKS = YES;
				GCC_WARN_64_TO_32_BIT_CONVERSION = YES;
				GCC_WARN_ABOUT_RETURN_TYPE = YES_ERROR;
				GCC_WARN_UNDECLARED_SELECTOR = YES;
				GCC_WARN_UNINITIALIZED_AUTOS = YES_AGGRESSIVE;
				GCC_WARN_UNUSED_FUNCTION = YES;
				GCC_WARN_UNUSED_VARIABLE = YES;
				MACOSX_DEPLOYMENT_TARGET = 10.13;
				MTL_ENABLE_DEBUG_INFO = NO;
				SDKROOT = macosx;
			};
			name = Release;
		};
		42BFC6662111E2E4008DABA7 /* Debug */ = {
			isa = XCBuildConfiguration;
			buildSettings = {
				ASSETCATALOG_COMPILER_APPICON_NAME = AppIcon;
				CODE_SIGN_ENTITLEMENTS = "";
				CODE_SIGN_STYLE = Manual;
				COMBINE_HIDPI_IMAGES = YES;
				DEVELOPMENT_TEAM = "";
				INFOPLIST_FILE = QuickESP/Info.plist;
				LD_RUNPATH_SEARCH_PATHS = (
					"$(inherited)",
					"@executable_path/../Frameworks",
				);
				MACOSX_DEPLOYMENT_TARGET = 10.7;
				PRODUCT_BUNDLE_IDENTIFIER = com.denicio.QuickESP;
				PRODUCT_NAME = "$(TARGET_NAME)";
				PROVISIONING_PROFILE_SPECIFIER = "";
			};
			name = Debug;
		};
		42BFC6672111E2E4008DABA7 /* Release */ = {
			isa = XCBuildConfiguration;
			buildSettings = {
				ASSETCATALOG_COMPILER_APPICON_NAME = AppIcon;
				CODE_SIGN_ENTITLEMENTS = "";
				CODE_SIGN_STYLE = Manual;
				COMBINE_HIDPI_IMAGES = YES;
				DEVELOPMENT_TEAM = "";
				INFOPLIST_FILE = QuickESP/Info.plist;
				LD_RUNPATH_SEARCH_PATHS = (
					"$(inherited)",
					"@executable_path/../Frameworks",
				);
				MACOSX_DEPLOYMENT_TARGET = 10.7;
				PRODUCT_BUNDLE_IDENTIFIER = com.denicio.QuickESP;
				PRODUCT_NAME = "$(TARGET_NAME)";
				PROVISIONING_PROFILE_SPECIFIER = "";
			};
			name = Release;
		};
/* End XCBuildConfiguration section */

/* Begin XCConfigurationList section */
		42BFC64F2111E2E3008DABA7 /* Build configuration list for PBXProject "QuickESP" */ = {
			isa = XCConfigurationList;
			buildConfigurations = (
				42BFC6632111E2E4008DABA7 /* Debug */,
				42BFC6642111E2E4008DABA7 /* Release */,
			);
			defaultConfigurationIsVisible = 0;
			defaultConfigurationName = Release;
		};
		42BFC6652111E2E4008DABA7 /* Build configuration list for PBXNativeTarget "QuickESP" */ = {
			isa = XCConfigurationList;
			buildConfigurations = (
				42BFC6662111E2E4008DABA7 /* Debug */,
				42BFC6672111E2E4008DABA7 /* Release */,
			);
			defaultConfigurationIsVisible = 0;
			defaultConfigurationName = Release;
		};
/* End XCConfigurationList section */
	};
	rootObject = 42BFC64C2111E2E3008DABA7 /* Project object */;
}
